
Microsoft Visual Studio Solution File, Format Version 12.00
# Visual Studio Version 17
VisualStudioVersion = 17.3.32929.385
MinimumVisualStudioVersion = 10.0.40219.1
Project("{FAE04EC0-301F-11D3-BF4B-00C04F79EFBC}") = "StackUsingLinkedList_CSharp", "StackUsingLinkedList_CSharp\StackUsingLinkedList_CSharp.csproj", "{02E57E1A-E12F-4754-A3BC-AC1A2F8C7ADA}"
EndProject
Global
	GlobalSection(SolutionConfigurationPlatforms) = preSolution
		Debug|Any CPU = Debug|Any CPU
		Release|Any CPU = Release|Any CPU
	EndGlobalSection
	GlobalSection(ProjectConfigurationPlatforms) = postSolution
		{02E57E1A-E12F-4754-A3BC-AC1A2F8C7ADA}.Debug|Any CPU.ActiveCfg = Debug|Any CPU
		{02E57E1A-E12F-4754-A3BC-AC1A2F8C7ADA}.Debug|Any CPU.Build.0 = Debug|Any CPU
		{02E57E1A-E12F-4754-A3BC-AC1A2F8C7ADA}.Release|Any CPU.ActiveCfg = Release|Any CPU
		{02E57E1A-E12F-4754-A3BC-AC1A2F8C7ADA}.Release|Any CPU.Build.0 = Release|Any CPU
	EndGlobalSection
	GlobalSection(SolutionProperties) = preSolution
		HideSolutionNode = FALSE
	EndGlobalSection
	GlobalSection(ExtensibilityGlobals) = postSolution
		SolutionGuid = {BE120F9A-70F1-479A-9D9C-1DD76AF1F054}
	EndGlobalSection
EndGlobal
